
Microsoft Visual Studio Solution File, Format Version 12.00
# Visual Studio Version 16
VisualStudioVersion = 16.0.28729.10
MinimumVisualStudioVersion = 10.0.40219.1
Project("{9A19103F-16F7-4668-BE54-9A1E7A4F7556}") = "PortableStorage", "PortableStorage\PortableStorage.csproj", "{037613F6-867C-4B8E-B487-40DA92BE73BD}"
EndProject
Project("{FAE04EC0-301F-11D3-BF4B-00C04F79EFBC}") = "PortableStorage.Android", "PortableStorage.Android\PortableStorage.Android.csproj", "{943961D9-7909-4028-BE74-A699C21DE05F}"
EndProject
Project("{FAE04EC0-301F-11D3-BF4B-00C04F79EFBC}") = "AndroidSample", "Samples\AndroidSample\AndroidSample.csproj", "{0B7910FF-1E1E-4A94-BFB9-A3D9039B9E14}"
EndProject
Project("{2150E333-8FDC-42A3-9474-1A3956D46DE8}") = "Samples", "Samples", "{D1ADEEE0-6EF7-4D35-9620-1B8E99412025}"
EndProject
Project("{FAE04EC0-301F-11D3-BF4B-00C04F79EFBC}") = "PortableStorage.Test", "PortableStorage.Test\PortableStorage.Test.csproj", "{E3134225-91F5-499D-86CB-16FA311C9C8C}"
EndProject
Global
	GlobalSection(SolutionConfigurationPlatforms) = preSolution
		Debug|Any CPU = Debug|Any CPU
		Release|Any CPU = Release|Any CPU
	EndGlobalSection
	GlobalSection(ProjectConfigurationPlatforms) = postSolution
		{037613F6-867C-4B8E-B487-40DA92BE73BD}.Debug|Any CPU.ActiveCfg = Debug|Any CPU
		{037613F6-867C-4B8E-B487-40DA92BE73BD}.Debug|Any CPU.Build.0 = Debug|Any CPU
		{037613F6-867C-4B8E-B487-40DA92BE73BD}.Release|Any CPU.ActiveCfg = Release|Any CPU
		{037613F6-867C-4B8E-B487-40DA92BE73BD}.Release|Any CPU.Build.0 = Release|Any CPU
		{943961D9-7909-4028-BE74-A699C21DE05F}.Debug|Any CPU.ActiveCfg = Debug|Any CPU
		{943961D9-7909-4028-BE74-A699C21DE05F}.Debug|Any CPU.Build.0 = Debug|Any CPU
		{943961D9-7909-4028-BE74-A699C21DE05F}.Release|Any CPU.ActiveCfg = Release|Any CPU
		{943961D9-7909-4028-BE74-A699C21DE05F}.Release|Any CPU.Build.0 = Release|Any CPU
		{0B7910FF-1E1E-4A94-BFB9-A3D9039B9E14}.Debug|Any CPU.ActiveCfg = Debug|Any CPU
		{0B7910FF-1E1E-4A94-BFB9-A3D9039B9E14}.Debug|Any CPU.Build.0 = Debug|Any CPU
		{0B7910FF-1E1E-4A94-BFB9-A3D9039B9E14}.Debug|Any CPU.Deploy.0 = Debug|Any CPU
		{0B7910FF-1E1E-4A94-BFB9-A3D9039B9E14}.Release|Any CPU.ActiveCfg = Release|Any CPU
		{0B7910FF-1E1E-4A94-BFB9-A3D9039B9E14}.Release|Any CPU.Build.0 = Release|Any CPU
		{0B7910FF-1E1E-4A94-BFB9-A3D9039B9E14}.Release|Any CPU.Deploy.0 = Release|Any CPU
		{E3134225-91F5-499D-86CB-16FA311C9C8C}.Debug|Any CPU.ActiveCfg = Debug|Any CPU
		{E3134225-91F5-499D-86CB-16FA311C9C8C}.Debug|Any CPU.Build.0 = Debug|Any CPU
		{E3134225-91F5-499D-86CB-16FA311C9C8C}.Release|Any CPU.ActiveCfg = Release|Any CPU
		{E3134225-91F5-499D-86CB-16FA311C9C8C}.Release|Any CPU.Build.0 = Release|Any CPU
	EndGlobalSection
	GlobalSection(SolutionProperties) = preSolution
		HideSolutionNode = FALSE
	EndGlobalSection
	GlobalSection(NestedProjects) = preSolution
		{0B7910FF-1E1E-4A94-BFB9-A3D9039B9E14} = {D1ADEEE0-6EF7-4D35-9620-1B8E99412025}
	EndGlobalSection
	GlobalSection(ExtensibilityGlobals) = postSolution
		SolutionGuid = {C1C61240-A36D-4D44-BE10-695E87E4873E}
	EndGlobalSection
EndGlobal
